
Microsoft Visual Studio Solution File, Format Version 12.00
# Visual Studio Version 16
VisualStudioVersion = 16.0.30523.141
MinimumVisualStudioVersion = 10.0.40219.1
Project("{2150E333-8FDC-42A3-9474-1A3956D46DE8}") = "Application", "Application", "{9AA2C38F-005F-4D0D-8F87-5497435B9493}"
EndProject
Project("{2150E333-8FDC-42A3-9474-1A3956D46DE8}") = "Domain", "Domain", "{084832D1-9375-4A85-8324-A7D697FD99C1}"
EndProject
Project("{2150E333-8FDC-42A3-9474-1A3956D46DE8}") = "Infrastructure.IoC", "Infrastructure.IoC", "{B125D0B5-4C5B-4E6E-BC13-26604A069FBC}"
EndProject
Project("{2150E333-8FDC-42A3-9474-1A3956D46DE8}") = "Infrastructure.Data", "Infrastructure.Data", "{7DC3592A-28D6-441D-AB5B-9F45A890A41A}"
EndProject
Project("{2150E333-8FDC-42A3-9474-1A3956D46DE8}") = "Presentation", "Presentation", "{9993ADEB-2B73-40F0-AE10-A697F5AAFC2F}"
EndProject
Project("{9A19103F-16F7-4668-BE54-9A1E7A4F7556}") = "CleanArch.Mvc", "CleanArch.Mvc\CleanArch.Mvc.csproj", "{B8597704-F41F-416E-A2A5-150AE49836C7}"
EndProject
Project("{FAE04EC0-301F-11D3-BF4B-00C04F79EFBC}") = "CleanArch.Domain", "CleanArch.Domain\CleanArch.Domain.csproj", "{8DC7B34A-A526-4EFF-8BE1-ADA84088FE38}"
EndProject
Global
	GlobalSection(SolutionConfigurationPlatforms) = preSolution
		Debug|Any CPU = Debug|Any CPU
		Release|Any CPU = Release|Any CPU
	EndGlobalSection
	GlobalSection(ProjectConfigurationPlatforms) = postSolution
		{B8597704-F41F-416E-A2A5-150AE49836C7}.Debug|Any CPU.ActiveCfg = Debug|Any CPU
		{B8597704-F41F-416E-A2A5-150AE49836C7}.Debug|Any CPU.Build.0 = Debug|Any CPU
		{B8597704-F41F-416E-A2A5-150AE49836C7}.Release|Any CPU.ActiveCfg = Release|Any CPU
		{B8597704-F41F-416E-A2A5-150AE49836C7}.Release|Any CPU.Build.0 = Release|Any CPU
		{8DC7B34A-A526-4EFF-8BE1-ADA84088FE38}.Debug|Any CPU.ActiveCfg = Debug|Any CPU
		{8DC7B34A-A526-4EFF-8BE1-ADA84088FE38}.Debug|Any CPU.Build.0 = Debug|Any CPU
		{8DC7B34A-A526-4EFF-8BE1-ADA84088FE38}.Release|Any CPU.ActiveCfg = Release|Any CPU
		{8DC7B34A-A526-4EFF-8BE1-ADA84088FE38}.Release|Any CPU.Build.0 = Release|Any CPU
	EndGlobalSection
	GlobalSection(SolutionProperties) = preSolution
		HideSolutionNode = FALSE
	EndGlobalSection
	GlobalSection(NestedProjects) = preSolution
		{B8597704-F41F-416E-A2A5-150AE49836C7} = {9993ADEB-2B73-40F0-AE10-A697F5AAFC2F}
		{8DC7B34A-A526-4EFF-8BE1-ADA84088FE38} = {084832D1-9375-4A85-8324-A7D697FD99C1}
	EndGlobalSection
	GlobalSection(ExtensibilityGlobals) = postSolution
		SolutionGuid = {F9DE482C-9B58-4360-91F1-604D363D376E}
	EndGlobalSection
EndGlobal
